
Microsoft Visual Studio Solution File, Format Version 12.00
# Visual Studio 2012
Project("{FAE04EC0-301F-11D3-BF4B-00C04F79EFBC}") = "HeroesAtWorkSite", "HeroesAtWorkSite\HeroesAtWorkSite.csproj", "{C7428B10-EEE2-4D63-B95B-57878A09372A}"
EndProject
Global
	GlobalSection(SolutionConfigurationPlatforms) = preSolution
		Debug|Any CPU = Debug|Any CPU
		Release|Any CPU = Release|Any CPU
	EndGlobalSection
	GlobalSection(ProjectConfigurationPlatforms) = postSolution
		{C7428B10-EEE2-4D63-B95B-57878A09372A}.Debug|Any CPU.ActiveCfg = Debug|Any CPU
		{C7428B10-EEE2-4D63-B95B-57878A09372A}.Debug|Any CPU.Build.0 = Debug|Any CPU
		{C7428B10-EEE2-4D63-B95B-57878A09372A}.Release|Any CPU.ActiveCfg = Release|Any CPU
		{C7428B10-EEE2-4D63-B95B-57878A09372A}.Release|Any CPU.Build.0 = Release|Any CPU
	EndGlobalSection
EndGlobal
